// !$*UTF8*$!
{
	archiveVersion = 1;
	classes = {
	};
	objectVersion = 46;
	objects = {

/* Begin PBXBuildFile section */
		CE534EE81907EAB3006044D2 /* UIKit.framework in Frameworks */ = {isa = PBXBuildFile; fileRef = CE534EE71907EAB3006044D2 /* UIKit.framework */; };
		CE534EEA1907EAB3006044D2 /* Foundation.framework in Frameworks */ = {isa = PBXBuildFile; fileRef = CE534EE91907EAB3006044D2 /* Foundation.framework */; };
		CE534EEC1907EAB3006044D2 /* CoreGraphics.framework in Frameworks */ = {isa = PBXBuildFile; fileRef = CE534EEB1907EAB3006044D2 /* CoreGraphics.framework */; };
		CE534EF21907EAB3006044D2 /* InfoPlist.strings in Resources */ = {isa = PBXBuildFile; fileRef = CE534EF01907EAB3006044D2 /* InfoPlist.strings */; };
		CE534EF41907EAB3006044D2 /* main.m in Sources */ = {isa = PBXBuildFile; fileRef = CE534EF31907EAB3006044D2 /* main.m */; };
		CE534EF81907EAB3006044D2 /* AppDelegate.m in Sources */ = {isa = PBXBuildFile; fileRef = CE534EF71907EAB3006044D2 /* AppDelegate.m */; };
		CE534EFA1907EAB3006044D2 /* Default.png in Resources */ = {isa = PBXBuildFile; fileRef = CE534EF91907EAB3006044D2 /* Default.png */; };
		CE534EFC1907EAB3006044D2 /* Default@2x.png in Resources */ = {isa = PBXBuildFile; fileRef = CE534EFB1907EAB3006044D2 /* Default@2x.png */; };
		CE534EFE1907EAB3006044D2 /* Default-568h@2x.png in Resources */ = {isa = PBXBuildFile; fileRef = CE534EFD1907EAB3006044D2 /* Default-568h@2x.png */; };
		CE534F011907EAB3006044D2 /* ViewController.m in Sources */ = {isa = PBXBuildFile; fileRef = CE534F001907EAB3006044D2 /* ViewController.m */; };
		CE534F041907EAB3006044D2 /* ViewController.xib in Resources */ = {isa = PBXBuildFile; fileRef = CE534F021907EAB3006044D2 /* ViewController.xib */; };
/* End PBXBuildFile section */

/* Begin PBXFileReference section */
		CE534EE41907EAB3006044D2 /* FileImportExport.app */ = {isa = PBXFileReference; explicitFileType = wrapper.application; includeInIndex = 0; path = FileImportExport.app; sourceTree = BUILT_PRODUCTS_DIR; };
		CE534EE71907EAB3006044D2 /* UIKit.framework */ = {isa = PBXFileReference; lastKnownFileType = wrapper.framework; name = UIKit.framework; path = System/Library/Frameworks/UIKit.framework; sourceTree = SDKROOT; };
		CE534EE91907EAB3006044D2 /* Foundation.framework */ = {isa = PBXFileReference; lastKnownFileType = wrapper.framework; name = Foundation.framework; path = System/Library/Frameworks/Foundation.framework; sourceTree = SDKROOT; };
		CE534EEB1907EAB3006044D2 /* CoreGraphics.framework */ = {isa = PBXFileReference; lastKnownFileType = wrapper.framework; name = CoreGraphics.framework; path = System/Library/Frameworks/CoreGraphics.framework; sourceTree = SDKROOT; };
		CE534EEF1907EAB3006044D2 /* FileImportExport-Info.plist */ = {isa = PBXFileReference; lastKnownFileType = text.plist.xml; path = "FileImportExport-Info.plist"; sourceTree = "<group>"; };
		CE534EF11907EAB3006044D2 /* en */ = {isa = PBXFileReference; lastKnownFileType = text.plist.strings; name = en; path = en.lproj/InfoPlist.strings; sourceTree = "<group>"; };
		CE534EF31907EAB3006044D2 /* main.m */ = {isa = PBXFileReference; lastKnownFileType = sourcecode.c.objc; path = main.m; sourceTree = "<group>"; };
		CE534EF51907EAB3006044D2 /* FileImportExport-Prefix.pch */ = {isa = PBXFileReference; lastKnownFileType = sourcecode.c.h; path = "FileImportExport-Prefix.pch"; sourceTree = "<group>"; };
		CE534EF61907EAB3006044D2 /* AppDelegate.h */ = {isa = PBXFileReference; lastKnownFileType = sourcecode.c.h; path = AppDelegate.h; sourceTree = "<group>"; };
		CE534EF71907EAB3006044D2 /* AppDelegate.m */ = {isa = PBXFileReference; lastKnownFileType = sourcecode.c.objc; path = AppDelegate.m; sourceTree = "<group>"; };
		CE534EF91907EAB3006044D2 /* Default.png */ = {isa = PBXFileReference; lastKnownFileType = image.png; path = Default.png; sourceTree = "<group>"; };
		CE534EFB1907EAB3006044D2 /* Default@2x.png */ = {isa = PBXFileReference; lastKnownFileType = image.png; path = "Default@2x.png"; sourceTree = "<group>"; };
		CE534EFD1907EAB3006044D2 /* Default-568h@2x.png */ = {isa = PBXFileReference; lastKnownFileType = image.png; path = "Default-568h@2x.png"; sourceTree = "<group>"; };
		CE534EFF1907EAB3006044D2 /* ViewController.h */ = {isa = PBXFileReference; lastKnownFileType = sourcecode.c.h; path = ViewController.h; sourceTree = "<group>"; };
		CE534F001907EAB3006044D2 /* ViewController.m */ = {isa = PBXFileReference; lastKnownFileType = sourcecode.c.objc; path = ViewController.m; sourceTree = "<group>"; };
		CE534F031907EAB3006044D2 /* en */ = {isa = PBXFileReference; lastKnownFileType = file.xib; name = en; path = en.lproj/ViewController.xib; sourceTree = "<group>"; };
/* End PBXFileReference section */

/* Begin PBXFrameworksBuildPhase section */
		CE534EE11907EAB3006044D2 /* Frameworks */ = {
			isa = PBXFrameworksBuildPhase;
			buildActionMask = 2147483647;
			files = (
				CE534EE81907EAB3006044D2 /* UIKit.framework in Frameworks */,
				CE534EEA1907EAB3006044D2 /* Foundation.framework in Frameworks */,
				CE534EEC1907EAB3006044D2 /* CoreGraphics.framework in Frameworks */,
			);
			runOnlyForDeploymentPostprocessing = 0;
		};
/* End PBXFrameworksBuildPhase section */

/* Begin PBXGroup section */
		CE534EDB1907EAB2006044D2 = {
			isa = PBXGroup;
			children = (
				CE534EED1907EAB3006044D2 /* FileImportExport */,
				CE534EE61907EAB3006044D2 /* Frameworks */,
				CE534EE51907EAB3006044D2 /* Products */,
			);
			sourceTree = "<group>";
		};
		CE534EE51907EAB3006044D2 /* Products */ = {
			isa = PBXGroup;
			children = (
				CE534EE41907EAB3006044D2 /* FileImportExport.app */,
			);
			name = Products;
			sourceTree = "<group>";
		};
		CE534EE61907EAB3006044D2 /* Frameworks */ = {
			isa = PBXGroup;
			children = (
				CE534EE71907EAB3006044D2 /* UIKit.framework */,
				CE534EE91907EAB3006044D2 /* Foundation.framework */,
				CE534EEB1907EAB3006044D2 /* CoreGraphics.framework */,
			);
			name = Frameworks;
			sourceTree = "<group>";
		};
		CE534EED1907EAB3006044D2 /* FileImportExport */ = {
			isa = PBXGroup;
			children = (
				CE534EF61907EAB3006044D2 /* AppDelegate.h */,
				CE534EF71907EAB3006044D2 /* AppDelegate.m */,
				CE534EFF1907EAB3006044D2 /* ViewController.h */,
				CE534F001907EAB3006044D2 /* ViewController.m */,
				CE534F021907EAB3006044D2 /* ViewController.xib */,
				CE534EEE1907EAB3006044D2 /* Supporting Files */,
			);
			path = FileImportExport;
			sourceTree = "<group>";
		};
		CE534EEE1907EAB3006044D2 /* Supporting Files */ = {
			isa = PBXGroup;
			children = (
				CE534EEF1907EAB3006044D2 /* FileImportExport-Info.plist */,
				CE534EF01907EAB3006044D2 /* InfoPlist.strings */,
				CE534EF31907EAB3006044D2 /* main.m */,
				CE534EF51907EAB3006044D2 /* FileImportExport-Prefix.pch */,
				CE534EF91907EAB3006044D2 /* Default.png */,
				CE534EFB1907EAB3006044D2 /* Default@2x.png */,
				CE534EFD1907EAB3006044D2 /* Default-568h@2x.png */,
			);
			name = "Supporting Files";
			sourceTree = "<group>";
		};
/* End PBXGroup section */

/* Begin PBXNativeTarget section */
		CE534EE31907EAB3006044D2 /* FileImportExport */ = {
			isa = PBXNativeTarget;
			buildConfigurationList = CE534F071907EAB3006044D2 /* Build configuration list for PBXNativeTarget "FileImportExport" */;
			buildPhases = (
				CE534EE01907EAB3006044D2 /* Sources */,
				CE534EE11907EAB3006044D2 /* Frameworks */,
				CE534EE21907EAB3006044D2 /* Resources */,
			);
			buildRules = (
			);
			dependencies = (
			);
			name = FileImportExport;
			productName = FileImportExport;
			productReference = CE534EE41907EAB3006044D2 /* FileImportExport.app */;
			productType = "com.apple.product-type.application";
		};
/* End PBXNativeTarget section */

/* Begin PBXProject section */
		CE534EDC1907EAB2006044D2 /* Project object */ = {
			isa = PBXProject;
			attributes = {
				LastUpgradeCheck = 0460;
				ORGANIZATIONNAME = Gagan;
			};
			buildConfigurationList = CE534EDF1907EAB2006044D2 /* Build configuration list for PBXProject "FileImportExport" */;
			compatibilityVersion = "Xcode 3.2";
			developmentRegion = English;
			hasScannedForEncodings = 0;
			knownRegions = (
				en,
			);
			mainGroup = CE534EDB1907EAB2006044D2;
			productRefGroup = CE534EE51907EAB3006044D2 /* Products */;
			projectDirPath = "";
			projectRoot = "";
			targets = (
				CE534EE31907EAB3006044D2 /* FileImportExport */,
			);
		};
/* End PBXProject section */

/* Begin PBXResourcesBuildPhase section */
		CE534EE21907EAB3006044D2 /* Resources */ = {
			isa = PBXResourcesBuildPhase;
			buildActionMask = 2147483647;
			files = (
				CE534EF21907EAB3006044D2 /* InfoPlist.strings in Resources */,
				CE534EFA1907EAB3006044D2 /* Default.png in Resources */,
				CE534EFC1907EAB3006044D2 /* Default@2x.png in Resources */,
				CE534EFE1907EAB3006044D2 /* Default-568h@2x.png in Resources */,
				CE534F041907EAB3006044D2 /* ViewController.xib in Resources */,
			);
			runOnlyForDeploymentPostprocessing = 0;
		};
/* End PBXResourcesBuildPhase section */

/* Begin PBXSourcesBuildPhase section */
		CE534EE01907EAB3006044D2 /* Sources */ = {
			isa = PBXSourcesBuildPhase;
			buildActionMask = 2147483647;
			files = (
				CE534EF41907EAB3006044D2 /* main.m in Sources */,
				CE534EF81907EAB3006044D2 /* AppDelegate.m in Sources */,
				CE534F011907EAB3006044D2 /* ViewController.m in Sources */,
			);
			runOnlyForDeploymentPostprocessing = 0;
		};
/* End PBXSourcesBuildPhase section */

/* Begin PBXVariantGroup section */
		CE534EF01907EAB3006044D2 /* InfoPlist.strings */ = {
			isa = PBXVariantGroup;
			children = (
				CE534EF11907EAB3006044D2 /* en */,
			);
			name = InfoPlist.strings;
			sourceTree = "<group>";
		};
		CE534F021907EAB3006044D2 /* ViewController.xib */ = {
			isa = PBXVariantGroup;
			children = (
				CE534F031907EAB3006044D2 /* en */,
			);
			name = ViewController.xib;
			sourceTree = "<group>";
		};
/* End PBXVariantGroup section */

/* Begin XCBuildConfiguration section */
		CE534F051907EAB3006044D2 /* Debug */ = {
			isa = XCBuildConfiguration;
			buildSettings = {
				ALWAYS_SEARCH_USER_PATHS = NO;
				CLANG_CXX_LANGUAGE_STANDARD = "gnu++0x";
				CLANG_CXX_LIBRARY = "libc++";
				CLANG_ENABLE_OBJC_ARC = YES;
				CLANG_WARN_CONSTANT_CONVERSION = YES;
				CLANG_WARN_EMPTY_BODY = YES;
				CLANG_WARN_ENUM_CONVERSION = YES;
				CLANG_WARN_INT_CONVERSION = YES;
				CLANG_WARN__DUPLICATE_METHOD_MATCH = YES;
				"CODE_SIGN_IDENTITY[sdk=iphoneos*]" = "iPhone Developer";
				COPY_PHASE_STRIP = NO;
				GCC_C_LANGUAGE_STANDARD = gnu99;
				GCC_DYNAMIC_NO_PIC = NO;
				GCC_OPTIMIZATION_LEVEL = 0;
				GCC_PREPROCESSOR_DEFINITIONS = (
					"DEBUG=1",
					"$(inherited)",
				);
				GCC_SYMBOLS_PRIVATE_EXTERN = NO;
				GCC_WARN_ABOUT_RETURN_TYPE = YES;
				GCC_WARN_UNINITIALIZED_AUTOS = YES;
				GCC_WARN_UNUSED_VARIABLE = YES;
				IPHONEOS_DEPLOYMENT_TARGET = 6.1;
				ONLY_ACTIVE_ARCH = YES;
				SDKROOT = iphoneos;
			};
			name = Debug;
		};
		CE534F061907EAB3006044D2 /* Release */ = {
			isa = XCBuildConfiguration;
			buildSettings = {
				ALWAYS_SEARCH_USER_PATHS = NO;
				CLANG_CXX_LANGUAGE_STANDARD = "gnu++0x";
				CLANG_CXX_LIBRARY = "libc++";
				CLANG_ENABLE_OBJC_ARC = YES;
				CLANG_WARN_CONSTANT_CONVERSION = YES;
				CLANG_WARN_EMPTY_BODY = YES;
				CLANG_WARN_ENUM_CONVERSION = YES;
				CLANG_WARN_INT_CONVERSION = YES;
				CLANG_WARN__DUPLICATE_METHOD_MATCH = YES;
				"CODE_SIGN_IDENTITY[sdk=iphoneos*]" = "iPhone Developer";
				COPY_PHASE_STRIP = YES;
				GCC_C_LANGUAGE_STANDARD = gnu99;
				GCC_WARN_ABOUT_RETURN_TYPE = YES;
				GCC_WARN_UNINITIALIZED_AUTOS = YES;
				GCC_WARN_UNUSED_VARIABLE = YES;
				IPHONEOS_DEPLOYMENT_TARGET = 6.1;
				OTHER_CFLAGS = "-DNS_BLOCK_ASSERTIONS=1";
				SDKROOT = iphoneos;
				VALIDATE_PRODUCT = YES;
			};
			name = Release;
		};
		CE534F081907EAB3006044D2 /* Debug */ = {
			isa = XCBuildConfiguration;
			buildSettings = {
				GCC_PRECOMPILE_PREFIX_HEADER = YES;
				GCC_PREFIX_HEADER = "FileImportExport/FileImportExport-Prefix.pch";
				INFOPLIST_FILE = "FileImportExport/FileImportExport-Info.plist";
				PRODUCT_NAME = "$(TARGET_NAME)";
				WRAPPER_EXTENSION = app;
			};
			name = Debug;
		};
		CE534F091907EAB3006044D2 /* Release */ = {
			isa = XCBuildConfiguration;
			buildSettings = {
				GCC_PRECOMPILE_PREFIX_HEADER = YES;
				GCC_PREFIX_HEADER = "FileImportExport/FileImportExport-Prefix.pch";
				INFOPLIST_FILE = "FileImportExport/FileImportExport-Info.plist";
				PRODUCT_NAME = "$(TARGET_NAME)";
				WRAPPER_EXTENSION = app;
			};
			name = Release;
		};
/* End XCBuildConfiguration section */

/* Begin XCConfigurationList section */
		CE534EDF1907EAB2006044D2 /* Build configuration list for PBXProject "FileImportExport" */ = {
			isa = XCConfigurationList;
			buildConfigurations = (
				CE534F051907EAB3006044D2 /* Debug */,
				CE534F061907EAB3006044D2 /* Release */,
			);
			defaultConfigurationIsVisible = 0;
			defaultConfigurationName = Release;
		};
		CE534F071907EAB3006044D2 /* Build configuration list for PBXNativeTarget "FileImportExport" */ = {
			isa = XCConfigurationList;
			buildConfigurations = (
				CE534F081907EAB3006044D2 /* Debug */,
				CE534F091907EAB3006044D2 /* Release */,
			);
			defaultConfigurationIsVisible = 0;
		};
/* End XCConfigurationList section */
	};
	rootObject = CE534EDC1907EAB2006044D2 /* Project object */;
}
